
Microsoft Visual Studio Solution File, Format Version 12.00
# Visual Studio Version 17
VisualStudioVersion = 17.8.34330.188
MinimumVisualStudioVersion = 10.0.40219.1
Project("{9A19103F-16F7-4668-BE54-9A1E7A4F7556}") = "PV211", "PV211\PV211.csproj", "{5910F83E-F98F-48F8-B590-388B4E1D6711}"
EndProject
Project("{9A19103F-16F7-4668-BE54-9A1E7A4F7556}") = "DLLImportDemo", "DLLImportDemo\DLLImportDemo.csproj", "{64C1161A-0853-47C1-9443-7425776D638E}"
EndProject
Project("{9A19103F-16F7-4668-BE54-9A1E7A4F7556}") = "ProcessDemo", "ProcessDemo\ProcessDemo.csproj", "{1CF94D9B-8894-45B3-8632-51A24144B139}"
EndProject
Project("{9A19103F-16F7-4668-BE54-9A1E7A4F7556}") = "ConsoleApp1", "ConsoleApp1\ConsoleApp1.csproj", "{88FF7380-5229-43CC-9C1D-C3AAC6F79744}"
EndProject
Project("{9A19103F-16F7-4668-BE54-9A1E7A4F7556}") = "ThreadDemo", "ThreadDemo\ThreadDemo.csproj", "{C4F3CF58-0108-411B-9A0E-21E597981F77}"
EndProject
Project("{9A19103F-16F7-4668-BE54-9A1E7A4F7556}") = "WpfMonitorDemo", "WpfMonitorDemo\WpfMonitorDemo.csproj", "{3303D413-3E58-4888-B152-7F7DE76BE87A}"
EndProject
Project("{9A19103F-16F7-4668-BE54-9A1E7A4F7556}") = "MonitorDemo", "ConsoleApp2\MonitorDemo.csproj", "{C9C73E2D-3818-430D-B17F-E6383962A51C}"
EndProject
Project("{9A19103F-16F7-4668-BE54-9A1E7A4F7556}") = "MatrixLib", "MatrixLib\MatrixLib.csproj", "{7B5B2F79-85C2-4108-8CF3-050B8A59729A}"
EndProject
Project("{9A19103F-16F7-4668-BE54-9A1E7A4F7556}") = "MutexDemo", "MutexDemo\MutexDemo.csproj", "{71B9C436-F76D-4F95-9137-60E33D11E178}"
EndProject
Project("{9A19103F-16F7-4668-BE54-9A1E7A4F7556}") = "SemaphoreDemo", "SemaphoreDemo\SemaphoreDemo.csproj", "{A059BE0D-6AED-4DF5-9069-2C975D7DE3E7}"
EndProject
Project("{9A19103F-16F7-4668-BE54-9A1E7A4F7556}") = "TaskDemo", "TaskDemo\TaskDemo.csproj", "{370894B4-32D6-4059-B6DE-1D26435B7F25}"
EndProject
Project("{9A19103F-16F7-4668-BE54-9A1E7A4F7556}") = "MatrixTask", "MatrixTask\MatrixTask.csproj", "{17F74448-0D02-4A48-8A1E-3D937469CF72}"
EndProject
Project("{9A19103F-16F7-4668-BE54-9A1E7A4F7556}") = "MatrixTaskDemo", "MatrixTaskDemo\MatrixTaskDemo.csproj", "{B2970755-F994-461A-B6D8-7C976E73E77F}"
EndProject
Project("{2150E333-8FDC-42A3-9474-1A3956D46DE8}") = "NetProg", "NetProg", "{56BA3012-B7D3-45EA-B221-D9410C5F9901}"
EndProject
Project("{9A19103F-16F7-4668-BE54-9A1E7A4F7556}") = "SocketDemo", "SocketDemo\SocketDemo.csproj", "{A6AAF213-3218-458E-B879-77581EF31A82}"
EndProject
Project("{9A19103F-16F7-4668-BE54-9A1E7A4F7556}") = "SocketListner", "SocketListner\SocketListner.csproj", "{28898BA0-C507-4A88-9DCE-BF4BA949063B}"
EndProject
Project("{9A19103F-16F7-4668-BE54-9A1E7A4F7556}") = "TCPDemo", "TCPDemo\TCPDemo.csproj", "{CB17FD99-D858-4CED-9832-A23BBE7B6F9D}"
EndProject
Project("{9A19103F-16F7-4668-BE54-9A1E7A4F7556}") = "UdpDemo", "UdpDemo\UdpDemo.csproj", "{77E43DFB-98F2-4BD8-8B9B-738F0C27BA59}"
EndProject
Project("{9A19103F-16F7-4668-BE54-9A1E7A4F7556}") = "udpListner", "udpListner\udpListner.csproj", "{5D3948FB-B049-48FE-A371-3AEA7073ABAB}"
EndProject
Project("{9A19103F-16F7-4668-BE54-9A1E7A4F7556}") = "FTPClient", "FTPClient\FTPClient.csproj", "{81D3773A-C295-4038-BDED-532D28F0FAA6}"
EndProject
Project("{9A19103F-16F7-4668-BE54-9A1E7A4F7556}") = "SMTPDemo", "SMTPDemo\SMTPDemo.csproj", "{B100DF2D-3317-4413-94E7-411EEFED864F}"
EndProject
Project("{9A19103F-16F7-4668-BE54-9A1E7A4F7556}") = "HttpClientDemo", "HttpClientDemo\HttpClientDemo.csproj", "{05B8BF8E-45C3-4250-8B83-9B0444E837B6}"
EndProject
Project("{2150E333-8FDC-42A3-9474-1A3956D46DE8}") = "ADONET", "ADONET", "{0420F6CC-99D2-438C-BB21-CB9402B79BCE}"
EndProject
Project("{9A19103F-16F7-4668-BE54-9A1E7A4F7556}") = "ADONETDemo", "ADONETDemo\ADONETDemo.csproj", "{9D66A5A1-E968-4BCF-9254-370FA369A033}"
EndProject
Project("{9A19103F-16F7-4668-BE54-9A1E7A4F7556}") = "ADOConnectedDemo", "ADOConnectedDemo\ADOConnectedDemo.csproj", "{BD38AC95-ED44-4221-ABF9-21362D7E256D}"
EndProject
Project("{FAE04EC0-301F-11D3-BF4B-00C04F79EFBC}") = "WFDataSetDemo", "WFDataSetDemo\WFDataSetDemo.csproj", "{8ED5ED6F-08E6-4339-8039-D46E9183ECF5}"
EndProject
Project("{9A19103F-16F7-4668-BE54-9A1E7A4F7556}") = "DapperDemo", "DapperDemo\DapperDemo.csproj", "{B2715192-A76F-4547-9BD2-C871135ADC70}"
EndProject
Project("{9A19103F-16F7-4668-BE54-9A1E7A4F7556}") = "Cafe.Models", "Cafe.Models\Cafe.Models.csproj", "{5D7EE56D-B6F4-4694-977D-975D7C596D7D}"
EndProject
Project("{9A19103F-16F7-4668-BE54-9A1E7A4F7556}") = "CafeWPF", "CafeWPF\CafeWPF.csproj", "{99E3CA3A-54B0-4A49-8EB2-6CBC478A6015}"
EndProject
Project("{9A19103F-16F7-4668-BE54-9A1E7A4F7556}") = "EFCoreDemo", "EFCoreDemo\EFCoreDemo.csproj", "{55647329-ACB6-4787-877E-377A688602A1}"
EndProject
Project("{9A19103F-16F7-4668-BE54-9A1E7A4F7556}") = "CafeDemoWPF", "CafeDemoWPF\CafeDemoWPF.csproj", "{24543FF2-E2ED-45F4-B8BE-7B1323EF84A2}"
EndProject
Project("{FAE04EC0-301F-11D3-BF4B-00C04F79EFBC}") = "CafeWpfEFCore", "CafeWpfEFCore\CafeWpfEFCore.csproj", "{36EA46D6-08B8-4FC3-B6FD-AF0A108B9685}"
EndProject
Global
	GlobalSection(SolutionConfigurationPlatforms) = preSolution
		Debug|Any CPU = Debug|Any CPU
		Release|Any CPU = Release|Any CPU
	EndGlobalSection
	GlobalSection(ProjectConfigurationPlatforms) = postSolution
		{5910F83E-F98F-48F8-B590-388B4E1D6711}.Debug|Any CPU.ActiveCfg = Debug|Any CPU
		{5910F83E-F98F-48F8-B590-388B4E1D6711}.Debug|Any CPU.Build.0 = Debug|Any CPU
		{5910F83E-F98F-48F8-B590-388B4E1D6711}.Release|Any CPU.ActiveCfg = Release|Any CPU
		{5910F83E-F98F-48F8-B590-388B4E1D6711}.Release|Any CPU.Build.0 = Release|Any CPU
		{64C1161A-0853-47C1-9443-7425776D638E}.Debug|Any CPU.ActiveCfg = Debug|Any CPU
		{64C1161A-0853-47C1-9443-7425776D638E}.Debug|Any CPU.Build.0 = Debug|Any CPU
		{64C1161A-0853-47C1-9443-7425776D638E}.Release|Any CPU.ActiveCfg = Release|Any CPU
		{64C1161A-0853-47C1-9443-7425776D638E}.Release|Any CPU.Build.0 = Release|Any CPU
		{1CF94D9B-8894-45B3-8632-51A24144B139}.Debug|Any CPU.ActiveCfg = Debug|Any CPU
		{1CF94D9B-8894-45B3-8632-51A24144B139}.Debug|Any CPU.Build.0 = Debug|Any CPU
		{1CF94D9B-8894-45B3-8632-51A24144B139}.Release|Any CPU.ActiveCfg = Release|Any CPU
		{1CF94D9B-8894-45B3-8632-51A24144B139}.Release|Any CPU.Build.0 = Release|Any CPU
		{88FF7380-5229-43CC-9C1D-C3AAC6F79744}.Debug|Any CPU.ActiveCfg = Debug|Any CPU
		{88FF7380-5229-43CC-9C1D-C3AAC6F79744}.Debug|Any CPU.Build.0 = Debug|Any CPU
		{88FF7380-5229-43CC-9C1D-C3AAC6F79744}.Release|Any CPU.ActiveCfg = Release|Any CPU
		{88FF7380-5229-43CC-9C1D-C3AAC6F79744}.Release|Any CPU.Build.0 = Release|Any CPU
		{C4F3CF58-0108-411B-9A0E-21E597981F77}.Debug|Any CPU.ActiveCfg = Debug|Any CPU
		{C4F3CF58-0108-411B-9A0E-21E597981F77}.Debug|Any CPU.Build.0 = Debug|Any CPU
		{C4F3CF58-0108-411B-9A0E-21E597981F77}.Release|Any CPU.ActiveCfg = Release|Any CPU
		{C4F3CF58-0108-411B-9A0E-21E597981F77}.Release|Any CPU.Build.0 = Release|Any CPU
		{3303D413-3E58-4888-B152-7F7DE76BE87A}.Debug|Any CPU.ActiveCfg = Debug|Any CPU
		{3303D413-3E58-4888-B152-7F7DE76BE87A}.Debug|Any CPU.Build.0 = Debug|Any CPU
		{3303D413-3E58-4888-B152-7F7DE76BE87A}.Release|Any CPU.ActiveCfg = Release|Any CPU
		{3303D413-3E58-4888-B152-7F7DE76BE87A}.Release|Any CPU.Build.0 = Release|Any CPU
		{C9C73E2D-3818-430D-B17F-E6383962A51C}.Debug|Any CPU.ActiveCfg = Debug|Any CPU
		{C9C73E2D-3818-430D-B17F-E6383962A51C}.Debug|Any CPU.Build.0 = Debug|Any CPU
		{C9C73E2D-3818-430D-B17F-E6383962A51C}.Release|Any CPU.ActiveCfg = Release|Any CPU
		{C9C73E2D-3818-430D-B17F-E6383962A51C}.Release|Any CPU.Build.0 = Release|Any CPU
		{7B5B2F79-85C2-4108-8CF3-050B8A59729A}.Debug|Any CPU.ActiveCfg = Debug|Any CPU
		{7B5B2F79-85C2-4108-8CF3-050B8A59729A}.Debug|Any CPU.Build.0 = Debug|Any CPU
		{7B5B2F79-85C2-4108-8CF3-050B8A59729A}.Release|Any CPU.ActiveCfg = Release|Any CPU
		{7B5B2F79-85C2-4108-8CF3-050B8A59729A}.Release|Any CPU.Build.0 = Release|Any CPU
		{71B9C436-F76D-4F95-9137-60E33D11E178}.Debug|Any CPU.ActiveCfg = Debug|Any CPU
		{71B9C436-F76D-4F95-9137-60E33D11E178}.Debug|Any CPU.Build.0 = Debug|Any CPU
		{71B9C436-F76D-4F95-9137-60E33D11E178}.Release|Any CPU.ActiveCfg = Release|Any CPU
		{71B9C436-F76D-4F95-9137-60E33D11E178}.Release|Any CPU.Build.0 = Release|Any CPU
		{A059BE0D-6AED-4DF5-9069-2C975D7DE3E7}.Debug|Any CPU.ActiveCfg = Debug|Any CPU
		{A059BE0D-6AED-4DF5-9069-2C975D7DE3E7}.Debug|Any CPU.Build.0 = Debug|Any CPU
		{A059BE0D-6AED-4DF5-9069-2C975D7DE3E7}.Release|Any CPU.ActiveCfg = Release|Any CPU
		{A059BE0D-6AED-4DF5-9069-2C975D7DE3E7}.Release|Any CPU.Build.0 = Release|Any CPU
		{370894B4-32D6-4059-B6DE-1D26435B7F25}.Debug|Any CPU.ActiveCfg = Debug|Any CPU
		{370894B4-32D6-4059-B6DE-1D26435B7F25}.Debug|Any CPU.Build.0 = Debug|Any CPU
		{370894B4-32D6-4059-B6DE-1D26435B7F25}.Release|Any CPU.ActiveCfg = Release|Any CPU
		{370894B4-32D6-4059-B6DE-1D26435B7F25}.Release|Any CPU.Build.0 = Release|Any CPU
		{17F74448-0D02-4A48-8A1E-3D937469CF72}.Debug|Any CPU.ActiveCfg = Debug|Any CPU
		{17F74448-0D02-4A48-8A1E-3D937469CF72}.Debug|Any CPU.Build.0 = Debug|Any CPU
		{17F74448-0D02-4A48-8A1E-3D937469CF72}.Release|Any CPU.ActiveCfg = Release|Any CPU
		{17F74448-0D02-4A48-8A1E-3D937469CF72}.Release|Any CPU.Build.0 = Release|Any CPU
		{B2970755-F994-461A-B6D8-7C976E73E77F}.Debug|Any CPU.ActiveCfg = Debug|Any CPU
		{B2970755-F994-461A-B6D8-7C976E73E77F}.Debug|Any CPU.Build.0 = Debug|Any CPU
		{B2970755-F994-461A-B6D8-7C976E73E77F}.Release|Any CPU.ActiveCfg = Release|Any CPU
		{B2970755-F994-461A-B6D8-7C976E73E77F}.Release|Any CPU.Build.0 = Release|Any CPU
		{A6AAF213-3218-458E-B879-77581EF31A82}.Debug|Any CPU.ActiveCfg = Debug|Any CPU
		{A6AAF213-3218-458E-B879-77581EF31A82}.Debug|Any CPU.Build.0 = Debug|Any CPU
		{A6AAF213-3218-458E-B879-77581EF31A82}.Release|Any CPU.ActiveCfg = Release|Any CPU
		{A6AAF213-3218-458E-B879-77581EF31A82}.Release|Any CPU.Build.0 = Release|Any CPU
		{28898BA0-C507-4A88-9DCE-BF4BA949063B}.Debug|Any CPU.ActiveCfg = Debug|Any CPU
		{28898BA0-C507-4A88-9DCE-BF4BA949063B}.Debug|Any CPU.Build.0 = Debug|Any CPU
		{28898BA0-C507-4A88-9DCE-BF4BA949063B}.Release|Any CPU.ActiveCfg = Release|Any CPU
		{28898BA0-C507-4A88-9DCE-BF4BA949063B}.Release|Any CPU.Build.0 = Release|Any CPU
		{CB17FD99-D858-4CED-9832-A23BBE7B6F9D}.Debug|Any CPU.ActiveCfg = Debug|Any CPU
		{CB17FD99-D858-4CED-9832-A23BBE7B6F9D}.Debug|Any CPU.Build.0 = Debug|Any CPU
		{CB17FD99-D858-4CED-9832-A23BBE7B6F9D}.Release|Any CPU.ActiveCfg = Release|Any CPU
		{CB17FD99-D858-4CED-9832-A23BBE7B6F9D}.Release|Any CPU.Build.0 = Release|Any CPU
		{77E43DFB-98F2-4BD8-8B9B-738F0C27BA59}.Debug|Any CPU.ActiveCfg = Debug|Any CPU
		{77E43DFB-98F2-4BD8-8B9B-738F0C27BA59}.Debug|Any CPU.Build.0 = Debug|Any CPU
		{77E43DFB-98F2-4BD8-8B9B-738F0C27BA59}.Release|Any CPU.ActiveCfg = Release|Any CPU
		{77E43DFB-98F2-4BD8-8B9B-738F0C27BA59}.Release|Any CPU.Build.0 = Release|Any CPU
		{5D3948FB-B049-48FE-A371-3AEA7073ABAB}.Debug|Any CPU.ActiveCfg = Debug|Any CPU
		{5D3948FB-B049-48FE-A371-3AEA7073ABAB}.Debug|Any CPU.Build.0 = Debug|Any CPU
		{5D3948FB-B049-48FE-A371-3AEA7073ABAB}.Release|Any CPU.ActiveCfg = Release|Any CPU
		{5D3948FB-B049-48FE-A371-3AEA7073ABAB}.Release|Any CPU.Build.0 = Release|Any CPU
		{81D3773A-C295-4038-BDED-532D28F0FAA6}.Debug|Any CPU.ActiveCfg = Debug|Any CPU
		{81D3773A-C295-4038-BDED-532D28F0FAA6}.Debug|Any CPU.Build.0 = Debug|Any CPU
		{81D3773A-C295-4038-BDED-532D28F0FAA6}.Release|Any CPU.ActiveCfg = Release|Any CPU
		{81D3773A-C295-4038-BDED-532D28F0FAA6}.Release|Any CPU.Build.0 = Release|Any CPU
		{B100DF2D-3317-4413-94E7-411EEFED864F}.Debug|Any CPU.ActiveCfg = Debug|Any CPU
		{B100DF2D-3317-4413-94E7-411EEFED864F}.Debug|Any CPU.Build.0 = Debug|Any CPU
		{B100DF2D-3317-4413-94E7-411EEFED864F}.Release|Any CPU.ActiveCfg = Release|Any CPU
		{B100DF2D-3317-4413-94E7-411EEFED864F}.Release|Any CPU.Build.0 = Release|Any CPU
		{05B8BF8E-45C3-4250-8B83-9B0444E837B6}.Debug|Any CPU.ActiveCfg = Debug|Any CPU
		{05B8BF8E-45C3-4250-8B83-9B0444E837B6}.Debug|Any CPU.Build.0 = Debug|Any CPU
		{05B8BF8E-45C3-4250-8B83-9B0444E837B6}.Release|Any CPU.ActiveCfg = Release|Any CPU
		{05B8BF8E-45C3-4250-8B83-9B0444E837B6}.Release|Any CPU.Build.0 = Release|Any CPU
		{9D66A5A1-E968-4BCF-9254-370FA369A033}.Debug|Any CPU.ActiveCfg = Debug|Any CPU
		{9D66A5A1-E968-4BCF-9254-370FA369A033}.Debug|Any CPU.Build.0 = Debug|Any CPU
		{9D66A5A1-E968-4BCF-9254-370FA369A033}.Release|Any CPU.ActiveCfg = Release|Any CPU
		{9D66A5A1-E968-4BCF-9254-370FA369A033}.Release|Any CPU.Build.0 = Release|Any CPU
		{BD38AC95-ED44-4221-ABF9-21362D7E256D}.Debug|Any CPU.ActiveCfg = Debug|Any CPU
		{BD38AC95-ED44-4221-ABF9-21362D7E256D}.Debug|Any CPU.Build.0 = Debug|Any CPU
		{BD38AC95-ED44-4221-ABF9-21362D7E256D}.Release|Any CPU.ActiveCfg = Release|Any CPU
		{BD38AC95-ED44-4221-ABF9-21362D7E256D}.Release|Any CPU.Build.0 = Release|Any CPU
		{8ED5ED6F-08E6-4339-8039-D46E9183ECF5}.Debug|Any CPU.ActiveCfg = Debug|Any CPU
		{8ED5ED6F-08E6-4339-8039-D46E9183ECF5}.Debug|Any CPU.Build.0 = Debug|Any CPU
		{8ED5ED6F-08E6-4339-8039-D46E9183ECF5}.Release|Any CPU.ActiveCfg = Release|Any CPU
		{8ED5ED6F-08E6-4339-8039-D46E9183ECF5}.Release|Any CPU.Build.0 = Release|Any CPU
		{B2715192-A76F-4547-9BD2-C871135ADC70}.Debug|Any CPU.ActiveCfg = Debug|Any CPU
		{B2715192-A76F-4547-9BD2-C871135ADC70}.Debug|Any CPU.Build.0 = Debug|Any CPU
		{B2715192-A76F-4547-9BD2-C871135ADC70}.Release|Any CPU.ActiveCfg = Release|Any CPU
		{B2715192-A76F-4547-9BD2-C871135ADC70}.Release|Any CPU.Build.0 = Release|Any CPU
		{5D7EE56D-B6F4-4694-977D-975D7C596D7D}.Debug|Any CPU.ActiveCfg = Debug|Any CPU
		{5D7EE56D-B6F4-4694-977D-975D7C596D7D}.Debug|Any CPU.Build.0 = Debug|Any CPU
		{5D7EE56D-B6F4-4694-977D-975D7C596D7D}.Release|Any CPU.ActiveCfg = Release|Any CPU
		{5D7EE56D-B6F4-4694-977D-975D7C596D7D}.Release|Any CPU.Build.0 = Release|Any CPU
		{99E3CA3A-54B0-4A49-8EB2-6CBC478A6015}.Debug|Any CPU.ActiveCfg = Debug|Any CPU
		{99E3CA3A-54B0-4A49-8EB2-6CBC478A6015}.Debug|Any CPU.Build.0 = Debug|Any CPU
		{99E3CA3A-54B0-4A49-8EB2-6CBC478A6015}.Release|Any CPU.ActiveCfg = Release|Any CPU
		{99E3CA3A-54B0-4A49-8EB2-6CBC478A6015}.Release|Any CPU.Build.0 = Release|Any CPU
		{55647329-ACB6-4787-877E-377A688602A1}.Debug|Any CPU.ActiveCfg = Debug|Any CPU
		{55647329-ACB6-4787-877E-377A688602A1}.Debug|Any CPU.Build.0 = Debug|Any CPU
		{55647329-ACB6-4787-877E-377A688602A1}.Release|Any CPU.ActiveCfg = Release|Any CPU
		{55647329-ACB6-4787-877E-377A688602A1}.Release|Any CPU.Build.0 = Release|Any CPU
		{24543FF2-E2ED-45F4-B8BE-7B1323EF84A2}.Debug|Any CPU.ActiveCfg = Debug|Any CPU
		{24543FF2-E2ED-45F4-B8BE-7B1323EF84A2}.Debug|Any CPU.Build.0 = Debug|Any CPU
		{24543FF2-E2ED-45F4-B8BE-7B1323EF84A2}.Release|Any CPU.ActiveCfg = Release|Any CPU
		{24543FF2-E2ED-45F4-B8BE-7B1323EF84A2}.Release|Any CPU.Build.0 = Release|Any CPU
		{36EA46D6-08B8-4FC3-B6FD-AF0A108B9685}.Debug|Any CPU.ActiveCfg = Debug|Any CPU
		{36EA46D6-08B8-4FC3-B6FD-AF0A108B9685}.Debug|Any CPU.Build.0 = Debug|Any CPU
		{36EA46D6-08B8-4FC3-B6FD-AF0A108B9685}.Release|Any CPU.ActiveCfg = Release|Any CPU
		{36EA46D6-08B8-4FC3-B6FD-AF0A108B9685}.Release|Any CPU.Build.0 = Release|Any CPU
	EndGlobalSection
	GlobalSection(SolutionProperties) = preSolution
		HideSolutionNode = FALSE
	EndGlobalSection
	GlobalSection(NestedProjects) = preSolution
		{A6AAF213-3218-458E-B879-77581EF31A82} = {56BA3012-B7D3-45EA-B221-D9410C5F9901}
		{28898BA0-C507-4A88-9DCE-BF4BA949063B} = {56BA3012-B7D3-45EA-B221-D9410C5F9901}
		{CB17FD99-D858-4CED-9832-A23BBE7B6F9D} = {56BA3012-B7D3-45EA-B221-D9410C5F9901}
		{77E43DFB-98F2-4BD8-8B9B-738F0C27BA59} = {56BA3012-B7D3-45EA-B221-D9410C5F9901}
		{5D3948FB-B049-48FE-A371-3AEA7073ABAB} = {56BA3012-B7D3-45EA-B221-D9410C5F9901}
		{81D3773A-C295-4038-BDED-532D28F0FAA6} = {56BA3012-B7D3-45EA-B221-D9410C5F9901}
		{05B8BF8E-45C3-4250-8B83-9B0444E837B6} = {56BA3012-B7D3-45EA-B221-D9410C5F9901}
		{9D66A5A1-E968-4BCF-9254-370FA369A033} = {0420F6CC-99D2-438C-BB21-CB9402B79BCE}
		{BD38AC95-ED44-4221-ABF9-21362D7E256D} = {0420F6CC-99D2-438C-BB21-CB9402B79BCE}
		{8ED5ED6F-08E6-4339-8039-D46E9183ECF5} = {0420F6CC-99D2-438C-BB21-CB9402B79BCE}
		{B2715192-A76F-4547-9BD2-C871135ADC70} = {0420F6CC-99D2-438C-BB21-CB9402B79BCE}
		{5D7EE56D-B6F4-4694-977D-975D7C596D7D} = {0420F6CC-99D2-438C-BB21-CB9402B79BCE}
		{99E3CA3A-54B0-4A49-8EB2-6CBC478A6015} = {0420F6CC-99D2-438C-BB21-CB9402B79BCE}
		{55647329-ACB6-4787-877E-377A688602A1} = {0420F6CC-99D2-438C-BB21-CB9402B79BCE}
		{36EA46D6-08B8-4FC3-B6FD-AF0A108B9685} = {0420F6CC-99D2-438C-BB21-CB9402B79BCE}
	EndGlobalSection
	GlobalSection(ExtensibilityGlobals) = postSolution
		SolutionGuid = {C10DAF1B-C740-41F5-89F0-DAD6F4398329}
	EndGlobalSection
EndGlobal
