
Microsoft Visual Studio Solution File, Format Version 12.00
# Visual Studio Version 17
VisualStudioVersion = 17.8.34330.188
MinimumVisualStudioVersion = 10.0.40219.1
Project("{9A19103F-16F7-4668-BE54-9A1E7A4F7556}") = "PV211", "PV211\PV211.csproj", "{5910F83E-F98F-48F8-B590-388B4E1D6711}"
EndProject
Project("{9A19103F-16F7-4668-BE54-9A1E7A4F7556}") = "DLLImportDemo", "DLLImportDemo\DLLImportDemo.csproj", "{64C1161A-0853-47C1-9443-7425776D638E}"
EndProject
Project("{9A19103F-16F7-4668-BE54-9A1E7A4F7556}") = "ProcessDemo", "ProcessDemo\ProcessDemo.csproj", "{1CF94D9B-8894-45B3-8632-51A24144B139}"
EndProject
Project("{9A19103F-16F7-4668-BE54-9A1E7A4F7556}") = "ConsoleApp1", "ConsoleApp1\ConsoleApp1.csproj", "{88FF7380-5229-43CC-9C1D-C3AAC6F79744}"
EndProject
Project("{9A19103F-16F7-4668-BE54-9A1E7A4F7556}") = "ThreadDemo", "ThreadDemo\ThreadDemo.csproj", "{C4F3CF58-0108-411B-9A0E-21E597981F77}"
EndProject
Project("{9A19103F-16F7-4668-BE54-9A1E7A4F7556}") = "WpfMonitorDemo", "WpfMonitorDemo\WpfMonitorDemo.csproj", "{3303D413-3E58-4888-B152-7F7DE76BE87A}"
EndProject
Project("{9A19103F-16F7-4668-BE54-9A1E7A4F7556}") = "MonitorDemo", "ConsoleApp2\MonitorDemo.csproj", "{C9C73E2D-3818-430D-B17F-E6383962A51C}"
EndProject
Project("{9A19103F-16F7-4668-BE54-9A1E7A4F7556}") = "MatrixLib", "MatrixLib\MatrixLib.csproj", "{7B5B2F79-85C2-4108-8CF3-050B8A59729A}"
EndProject
Project("{FAE04EC0-301F-11D3-BF4B-00C04F79EFBC}") = "MutexDemo", "MutexDemo\MutexDemo.csproj", "{71B9C436-F76D-4F95-9137-60E33D11E178}"
EndProject
Project("{FAE04EC0-301F-11D3-BF4B-00C04F79EFBC}") = "SemaphoreDemo", "SemaphoreDemo\SemaphoreDemo.csproj", "{A059BE0D-6AED-4DF5-9069-2C975D7DE3E7}"
EndProject
Project("{FAE04EC0-301F-11D3-BF4B-00C04F79EFBC}") = "TaskDemo", "TaskDemo\TaskDemo.csproj", "{370894B4-32D6-4059-B6DE-1D26435B7F25}"
EndProject
Global
	GlobalSection(SolutionConfigurationPlatforms) = preSolution
		Debug|Any CPU = Debug|Any CPU
		Release|Any CPU = Release|Any CPU
	EndGlobalSection
	GlobalSection(ProjectConfigurationPlatforms) = postSolution
		{5910F83E-F98F-48F8-B590-388B4E1D6711}.Debug|Any CPU.ActiveCfg = Debug|Any CPU
		{5910F83E-F98F-48F8-B590-388B4E1D6711}.Debug|Any CPU.Build.0 = Debug|Any CPU
		{5910F83E-F98F-48F8-B590-388B4E1D6711}.Release|Any CPU.ActiveCfg = Release|Any CPU
		{5910F83E-F98F-48F8-B590-388B4E1D6711}.Release|Any CPU.Build.0 = Release|Any CPU
		{64C1161A-0853-47C1-9443-7425776D638E}.Debug|Any CPU.ActiveCfg = Debug|Any CPU
		{64C1161A-0853-47C1-9443-7425776D638E}.Debug|Any CPU.Build.0 = Debug|Any CPU
		{64C1161A-0853-47C1-9443-7425776D638E}.Release|Any CPU.ActiveCfg = Release|Any CPU
		{64C1161A-0853-47C1-9443-7425776D638E}.Release|Any CPU.Build.0 = Release|Any CPU
		{1CF94D9B-8894-45B3-8632-51A24144B139}.Debug|Any CPU.ActiveCfg = Debug|Any CPU
		{1CF94D9B-8894-45B3-8632-51A24144B139}.Debug|Any CPU.Build.0 = Debug|Any CPU
		{1CF94D9B-8894-45B3-8632-51A24144B139}.Release|Any CPU.ActiveCfg = Release|Any CPU
		{1CF94D9B-8894-45B3-8632-51A24144B139}.Release|Any CPU.Build.0 = Release|Any CPU
		{88FF7380-5229-43CC-9C1D-C3AAC6F79744}.Debug|Any CPU.ActiveCfg = Debug|Any CPU
		{88FF7380-5229-43CC-9C1D-C3AAC6F79744}.Debug|Any CPU.Build.0 = Debug|Any CPU
		{88FF7380-5229-43CC-9C1D-C3AAC6F79744}.Release|Any CPU.ActiveCfg = Release|Any CPU
		{88FF7380-5229-43CC-9C1D-C3AAC6F79744}.Release|Any CPU.Build.0 = Release|Any CPU
		{C4F3CF58-0108-411B-9A0E-21E597981F77}.Debug|Any CPU.ActiveCfg = Debug|Any CPU
		{C4F3CF58-0108-411B-9A0E-21E597981F77}.Debug|Any CPU.Build.0 = Debug|Any CPU
		{C4F3CF58-0108-411B-9A0E-21E597981F77}.Release|Any CPU.ActiveCfg = Release|Any CPU
		{C4F3CF58-0108-411B-9A0E-21E597981F77}.Release|Any CPU.Build.0 = Release|Any CPU
		{3303D413-3E58-4888-B152-7F7DE76BE87A}.Debug|Any CPU.ActiveCfg = Debug|Any CPU
		{3303D413-3E58-4888-B152-7F7DE76BE87A}.Debug|Any CPU.Build.0 = Debug|Any CPU
		{3303D413-3E58-4888-B152-7F7DE76BE87A}.Release|Any CPU.ActiveCfg = Release|Any CPU
		{3303D413-3E58-4888-B152-7F7DE76BE87A}.Release|Any CPU.Build.0 = Release|Any CPU
		{C9C73E2D-3818-430D-B17F-E6383962A51C}.Debug|Any CPU.ActiveCfg = Debug|Any CPU
		{C9C73E2D-3818-430D-B17F-E6383962A51C}.Debug|Any CPU.Build.0 = Debug|Any CPU
		{C9C73E2D-3818-430D-B17F-E6383962A51C}.Release|Any CPU.ActiveCfg = Release|Any CPU
		{C9C73E2D-3818-430D-B17F-E6383962A51C}.Release|Any CPU.Build.0 = Release|Any CPU
		{7B5B2F79-85C2-4108-8CF3-050B8A59729A}.Debug|Any CPU.ActiveCfg = Debug|Any CPU
		{7B5B2F79-85C2-4108-8CF3-050B8A59729A}.Debug|Any CPU.Build.0 = Debug|Any CPU
		{7B5B2F79-85C2-4108-8CF3-050B8A59729A}.Release|Any CPU.ActiveCfg = Release|Any CPU
		{7B5B2F79-85C2-4108-8CF3-050B8A59729A}.Release|Any CPU.Build.0 = Release|Any CPU
		{71B9C436-F76D-4F95-9137-60E33D11E178}.Debug|Any CPU.ActiveCfg = Debug|Any CPU
		{71B9C436-F76D-4F95-9137-60E33D11E178}.Debug|Any CPU.Build.0 = Debug|Any CPU
		{71B9C436-F76D-4F95-9137-60E33D11E178}.Release|Any CPU.ActiveCfg = Release|Any CPU
		{71B9C436-F76D-4F95-9137-60E33D11E178}.Release|Any CPU.Build.0 = Release|Any CPU
		{A059BE0D-6AED-4DF5-9069-2C975D7DE3E7}.Debug|Any CPU.ActiveCfg = Debug|Any CPU
		{A059BE0D-6AED-4DF5-9069-2C975D7DE3E7}.Debug|Any CPU.Build.0 = Debug|Any CPU
		{A059BE0D-6AED-4DF5-9069-2C975D7DE3E7}.Release|Any CPU.ActiveCfg = Release|Any CPU
		{A059BE0D-6AED-4DF5-9069-2C975D7DE3E7}.Release|Any CPU.Build.0 = Release|Any CPU
		{370894B4-32D6-4059-B6DE-1D26435B7F25}.Debug|Any CPU.ActiveCfg = Debug|Any CPU
		{370894B4-32D6-4059-B6DE-1D26435B7F25}.Debug|Any CPU.Build.0 = Debug|Any CPU
		{370894B4-32D6-4059-B6DE-1D26435B7F25}.Release|Any CPU.ActiveCfg = Release|Any CPU
		{370894B4-32D6-4059-B6DE-1D26435B7F25}.Release|Any CPU.Build.0 = Release|Any CPU
	EndGlobalSection
	GlobalSection(SolutionProperties) = preSolution
		HideSolutionNode = FALSE
	EndGlobalSection
	GlobalSection(ExtensibilityGlobals) = postSolution
		SolutionGuid = {C10DAF1B-C740-41F5-89F0-DAD6F4398329}
	EndGlobalSection
EndGlobal
